
Microsoft Visual Studio Solution File, Format Version 12.00
Project("{FAE04EC0-301F-11D3-BF4B-00C04F79EFBC}") = "RedisClient", "RedisClient\RedisClient.csproj", "{CC68435B-472F-4436-851D-7070B7D5617C}"
EndProject
Global
	GlobalSection(SolutionConfigurationPlatforms) = preSolution
		Debug|Any CPU = Debug|Any CPU
		Release|Any CPU = Release|Any CPU
	EndGlobalSection
	GlobalSection(ProjectConfigurationPlatforms) = postSolution
		{CC68435B-472F-4436-851D-7070B7D5617C}.Debug|Any CPU.ActiveCfg = Debug|Any CPU
		{CC68435B-472F-4436-851D-7070B7D5617C}.Debug|Any CPU.Build.0 = Debug|Any CPU
		{CC68435B-472F-4436-851D-7070B7D5617C}.Release|Any CPU.ActiveCfg = Release|Any CPU
		{CC68435B-472F-4436-851D-7070B7D5617C}.Release|Any CPU.Build.0 = Release|Any CPU
	EndGlobalSection
EndGlobal
